
Microsoft Visual Studio Solution File, Format Version 12.00
# Visual Studio Version 16
VisualStudioVersion = 16.0.29201.188
MinimumVisualStudioVersion = 10.0.40219.1
Project("{9A19103F-16F7-4668-BE54-9A1E7A4F7556}") = "ThunderstoreCLI", "ThunderstoreCLI.csproj", "{4C460BF2-546B-43F1-9661-1281F2EF05B8}"
EndProject
Global
	GlobalSection(SolutionConfigurationPlatforms) = preSolution
		Debug|Any CPU = Debug|Any CPU
		Release|Any CPU = Release|Any CPU
	EndGlobalSection
	GlobalSection(ProjectConfigurationPlatforms) = postSolution
		{4C460BF2-546B-43F1-9661-1281F2EF05B8}.Debug|Any CPU.ActiveCfg = Debug|Any CPU
		{4C460BF2-546B-43F1-9661-1281F2EF05B8}.Debug|Any CPU.Build.0 = Debug|Any CPU
		{4C460BF2-546B-43F1-9661-1281F2EF05B8}.Release|Any CPU.ActiveCfg = Release|Any CPU
		{4C460BF2-546B-43F1-9661-1281F2EF05B8}.Release|Any CPU.Build.0 = Release|Any CPU
	EndGlobalSection
	GlobalSection(SolutionProperties) = preSolution
		HideSolutionNode = FALSE
	EndGlobalSection
	GlobalSection(ExtensibilityGlobals) = postSolution
		SolutionGuid = {E9AEBE7F-0FC7-42E8-AC8B-7204AA2D2B50}
	EndGlobalSection
EndGlobal
